// !$*UTF8*$!
{
	archiveVersion = 1;
	classes = {
	};
	objectVersion = 56;
	objects = {

/* Begin PBXBuildFile section */
		7A2F02052CAFD98800BA95EB /* SwiftUIFreezIssueApp.swift in Sources */ = {isa = PBXBuildFile; fileRef = 7A2F02042CAFD98800BA95EB /* SwiftUIFreezIssueApp.swift */; };
		7A2F02092CAFD98A00BA95EB /* Assets.xcassets in Resources */ = {isa = PBXBuildFile; fileRef = 7A2F02082CAFD98A00BA95EB /* Assets.xcassets */; };
		7A2F020C2CAFD98A00BA95EB /* Preview Assets.xcassets in Resources */ = {isa = PBXBuildFile; fileRef = 7A2F020B2CAFD98A00BA95EB /* Preview Assets.xcassets */; };
		7A2F02142CAFD9EC00BA95EB /* ViewModel.swift in Sources */ = {isa = PBXBuildFile; fileRef = 7A2F02132CAFD9EC00BA95EB /* ViewModel.swift */; };
		7A2F02162CAFDA1C00BA95EB /* MainView.swift in Sources */ = {isa = PBXBuildFile; fileRef = 7A2F02152CAFDA1C00BA95EB /* MainView.swift */; };
		7A2F02182CAFDA3700BA95EB /* ListView.swift in Sources */ = {isa = PBXBuildFile; fileRef = 7A2F02172CAFDA3700BA95EB /* ListView.swift */; };
		7A2F021A2CAFDA4E00BA95EB /* ListDetail.swift in Sources */ = {isa = PBXBuildFile; fileRef = 7A2F02192CAFDA4E00BA95EB /* ListDetail.swift */; };
		7A2F021C2CAFDA5B00BA95EB /* ListRow.swift in Sources */ = {isa = PBXBuildFile; fileRef = 7A2F021B2CAFDA5B00BA95EB /* ListRow.swift */; };
		7A2F021E2CAFDC9F00BA95EB /* MenuSelectorView.swift in Sources */ = {isa = PBXBuildFile; fileRef = 7A2F021D2CAFDC9F00BA95EB /* MenuSelectorView.swift */; };
		7A2F02232CB0005C00BA95EB /* freez_issue.gif in Resources */ = {isa = PBXBuildFile; fileRef = 7A2F02222CB0005C00BA95EB /* freez_issue.gif */; };
/* End PBXBuildFile section */

/* Begin PBXFileReference section */
		7A2F02012CAFD98800BA95EB /* SwiftUIFreezIssue.app */ = {isa = PBXFileReference; explicitFileType = wrapper.application; includeInIndex = 0; path = SwiftUIFreezIssue.app; sourceTree = BUILT_PRODUCTS_DIR; };
		7A2F02042CAFD98800BA95EB /* SwiftUIFreezIssueApp.swift */ = {isa = PBXFileReference; lastKnownFileType = sourcecode.swift; path = SwiftUIFreezIssueApp.swift; sourceTree = "<group>"; };
		7A2F02082CAFD98A00BA95EB /* Assets.xcassets */ = {isa = PBXFileReference; lastKnownFileType = folder.assetcatalog; path = Assets.xcassets; sourceTree = "<group>"; };
		7A2F020B2CAFD98A00BA95EB /* Preview Assets.xcassets */ = {isa = PBXFileReference; lastKnownFileType = folder.assetcatalog; path = "Preview Assets.xcassets"; sourceTree = "<group>"; };
		7A2F02132CAFD9EC00BA95EB /* ViewModel.swift */ = {isa = PBXFileReference; lastKnownFileType = sourcecode.swift; path = ViewModel.swift; sourceTree = "<group>"; };
		7A2F02152CAFDA1C00BA95EB /* MainView.swift */ = {isa = PBXFileReference; lastKnownFileType = sourcecode.swift; path = MainView.swift; sourceTree = "<group>"; };
		7A2F02172CAFDA3700BA95EB /* ListView.swift */ = {isa = PBXFileReference; lastKnownFileType = sourcecode.swift; path = ListView.swift; sourceTree = "<group>"; };
		7A2F02192CAFDA4E00BA95EB /* ListDetail.swift */ = {isa = PBXFileReference; lastKnownFileType = sourcecode.swift; path = ListDetail.swift; sourceTree = "<group>"; };
		7A2F021B2CAFDA5B00BA95EB /* ListRow.swift */ = {isa = PBXFileReference; lastKnownFileType = sourcecode.swift; path = ListRow.swift; sourceTree = "<group>"; };
		7A2F021D2CAFDC9F00BA95EB /* MenuSelectorView.swift */ = {isa = PBXFileReference; lastKnownFileType = sourcecode.swift; path = MenuSelectorView.swift; sourceTree = "<group>"; };
		7A2F02212CAFFE3400BA95EB /* README.md */ = {isa = PBXFileReference; lastKnownFileType = net.daringfireball.markdown; path = README.md; sourceTree = "<group>"; };
		7A2F02222CB0005C00BA95EB /* freez_issue.gif */ = {isa = PBXFileReference; lastKnownFileType = image.gif; path = freez_issue.gif; sourceTree = "<group>"; };
/* End PBXFileReference section */

/* Begin PBXFrameworksBuildPhase section */
		7A2F01FE2CAFD98800BA95EB /* Frameworks */ = {
			isa = PBXFrameworksBuildPhase;
			buildActionMask = 2147483647;
			files = (
			);
			runOnlyForDeploymentPostprocessing = 0;
		};
/* End PBXFrameworksBuildPhase section */

/* Begin PBXGroup section */
		7A2F01F82CAFD98800BA95EB = {
			isa = PBXGroup;
			children = (
				7A2F02032CAFD98800BA95EB /* SwiftUIFreezIssue */,
				7A2F02022CAFD98800BA95EB /* Products */,
			);
			sourceTree = "<group>";
		};
		7A2F02022CAFD98800BA95EB /* Products */ = {
			isa = PBXGroup;
			children = (
				7A2F02012CAFD98800BA95EB /* SwiftUIFreezIssue.app */,
			);
			name = Products;
			sourceTree = "<group>";
		};
		7A2F02032CAFD98800BA95EB /* SwiftUIFreezIssue */ = {
			isa = PBXGroup;
			children = (
				7A2F02042CAFD98800BA95EB /* SwiftUIFreezIssueApp.swift */,
				7A2F02122CAFD9DC00BA95EB /* Item */,
				7A2F02082CAFD98A00BA95EB /* Assets.xcassets */,
				7A2F020A2CAFD98A00BA95EB /* Preview Content */,
				7A2F02212CAFFE3400BA95EB /* README.md */,
				7A2F02222CB0005C00BA95EB /* freez_issue.gif */,
			);
			path = SwiftUIFreezIssue;
			sourceTree = "<group>";
		};
		7A2F020A2CAFD98A00BA95EB /* Preview Content */ = {
			isa = PBXGroup;
			children = (
				7A2F020B2CAFD98A00BA95EB /* Preview Assets.xcassets */,
			);
			path = "Preview Content";
			sourceTree = "<group>";
		};
		7A2F02122CAFD9DC00BA95EB /* Item */ = {
			isa = PBXGroup;
			children = (
				7A2F021D2CAFDC9F00BA95EB /* MenuSelectorView.swift */,
				7A2F02152CAFDA1C00BA95EB /* MainView.swift */,
				7A2F02202CAFDCA900BA95EB /* ViewModel */,
				7A2F021F2CAFDCA300BA95EB /* UISubComopnents */,
			);
			path = Item;
			sourceTree = "<group>";
		};
		7A2F021F2CAFDCA300BA95EB /* UISubComopnents */ = {
			isa = PBXGroup;
			children = (
				7A2F02172CAFDA3700BA95EB /* ListView.swift */,
				7A2F02192CAFDA4E00BA95EB /* ListDetail.swift */,
				7A2F021B2CAFDA5B00BA95EB /* ListRow.swift */,
			);
			path = UISubComopnents;
			sourceTree = "<group>";
		};
		7A2F02202CAFDCA900BA95EB /* ViewModel */ = {
			isa = PBXGroup;
			children = (
				7A2F02132CAFD9EC00BA95EB /* ViewModel.swift */,
			);
			path = ViewModel;
			sourceTree = "<group>";
		};
/* End PBXGroup section */

/* Begin PBXNativeTarget section */
		7A2F02002CAFD98800BA95EB /* SwiftUIFreezIssue */ = {
			isa = PBXNativeTarget;
			buildConfigurationList = 7A2F020F2CAFD98A00BA95EB /* Build configuration list for PBXNativeTarget "SwiftUIFreezIssue" */;
			buildPhases = (
				7A2F01FD2CAFD98800BA95EB /* Sources */,
				7A2F01FE2CAFD98800BA95EB /* Frameworks */,
				7A2F01FF2CAFD98800BA95EB /* Resources */,
			);
			buildRules = (
			);
			dependencies = (
			);
			name = SwiftUIFreezIssue;
			productName = SwiftUIFreezIssue;
			productReference = 7A2F02012CAFD98800BA95EB /* SwiftUIFreezIssue.app */;
			productType = "com.apple.product-type.application";
		};
/* End PBXNativeTarget section */

/* Begin PBXProject section */
		7A2F01F92CAFD98800BA95EB /* Project object */ = {
			isa = PBXProject;
			attributes = {
				BuildIndependentTargetsInParallel = 1;
				LastSwiftUpdateCheck = 1520;
				LastUpgradeCheck = 1520;
				TargetAttributes = {
					7A2F02002CAFD98800BA95EB = {
						CreatedOnToolsVersion = 15.2;
					};
				};
			};
			buildConfigurationList = 7A2F01FC2CAFD98800BA95EB /* Build configuration list for PBXProject "SwiftUIFreezIssue" */;
			compatibilityVersion = "Xcode 14.0";
			developmentRegion = en;
			hasScannedForEncodings = 0;
			knownRegions = (
				en,
				Base,
			);
			mainGroup = 7A2F01F82CAFD98800BA95EB;
			productRefGroup = 7A2F02022CAFD98800BA95EB /* Products */;
			projectDirPath = "";
			projectRoot = "";
			targets = (
				7A2F02002CAFD98800BA95EB /* SwiftUIFreezIssue */,
			);
		};
/* End PBXProject section */

/* Begin PBXResourcesBuildPhase section */
		7A2F01FF2CAFD98800BA95EB /* Resources */ = {
			isa = PBXResourcesBuildPhase;
			buildActionMask = 2147483647;
			files = (
				7A2F020C2CAFD98A00BA95EB /* Preview Assets.xcassets in Resources */,
				7A2F02092CAFD98A00BA95EB /* Assets.xcassets in Resources */,
				7A2F02232CB0005C00BA95EB /* freez_issue.gif in Resources */,
			);
			runOnlyForDeploymentPostprocessing = 0;
		};
/* End PBXResourcesBuildPhase section */

/* Begin PBXSourcesBuildPhase section */
		7A2F01FD2CAFD98800BA95EB /* Sources */ = {
			isa = PBXSourcesBuildPhase;
			buildActionMask = 2147483647;
			files = (
				7A2F02142CAFD9EC00BA95EB /* ViewModel.swift in Sources */,
				7A2F02162CAFDA1C00BA95EB /* MainView.swift in Sources */,
				7A2F021E2CAFDC9F00BA95EB /* MenuSelectorView.swift in Sources */,
				7A2F02182CAFDA3700BA95EB /* ListView.swift in Sources */,
				7A2F021A2CAFDA4E00BA95EB /* ListDetail.swift in Sources */,
				7A2F021C2CAFDA5B00BA95EB /* ListRow.swift in Sources */,
				7A2F02052CAFD98800BA95EB /* SwiftUIFreezIssueApp.swift in Sources */,
			);
			runOnlyForDeploymentPostprocessing = 0;
		};
/* End PBXSourcesBuildPhase section */

/* Begin XCBuildConfiguration section */
		7A2F020D2CAFD98A00BA95EB /* Debug */ = {
			isa = XCBuildConfiguration;
			buildSettings = {
				ALWAYS_SEARCH_USER_PATHS = NO;
				ASSETCATALOG_COMPILER_GENERATE_SWIFT_ASSET_SYMBOL_EXTENSIONS = YES;
				CLANG_ANALYZER_NONNULL = YES;
				CLANG_ANALYZER_NUMBER_OBJECT_CONVERSION = YES_AGGRESSIVE;
				CLANG_CXX_LANGUAGE_STANDARD = "gnu++20";
				CLANG_ENABLE_MODULES = YES;
				CLANG_ENABLE_OBJC_ARC = YES;
				CLANG_ENABLE_OBJC_WEAK = YES;
				CLANG_WARN_BLOCK_CAPTURE_AUTORELEASING = YES;
				CLANG_WARN_BOOL_CONVERSION = YES;
				CLANG_WARN_COMMA = YES;
				CLANG_WARN_CONSTANT_CONVERSION = YES;
				CLANG_WARN_DEPRECATED_OBJC_IMPLEMENTATIONS = YES;
				CLANG_WARN_DIRECT_OBJC_ISA_USAGE = YES_ERROR;
				CLANG_WARN_DOCUMENTATION_COMMENTS = YES;
				CLANG_WARN_EMPTY_BODY = YES;
				CLANG_WARN_ENUM_CONVERSION = YES;
				CLANG_WARN_INFINITE_RECURSION = YES;
				CLANG_WARN_INT_CONVERSION = YES;
				CLANG_WARN_NON_LITERAL_NULL_CONVERSION = YES;
				CLANG_WARN_OBJC_IMPLICIT_RETAIN_SELF = YES;
				CLANG_WARN_OBJC_LITERAL_CONVERSION = YES;
				CLANG_WARN_OBJC_ROOT_CLASS = YES_ERROR;
				CLANG_WARN_QUOTED_INCLUDE_IN_FRAMEWORK_HEADER = YES;
				CLANG_WARN_RANGE_LOOP_ANALYSIS = YES;
				CLANG_WARN_STRICT_PROTOTYPES = YES;
				CLANG_WARN_SUSPICIOUS_MOVE = YES;
				CLANG_WARN_UNGUARDED_AVAILABILITY = YES_AGGRESSIVE;
				CLANG_WARN_UNREACHABLE_CODE = YES;
				CLANG_WARN__DUPLICATE_METHOD_MATCH = YES;
				COPY_PHASE_STRIP = NO;
				DEBUG_INFORMATION_FORMAT = dwarf;
				ENABLE_STRICT_OBJC_MSGSEND = YES;
				ENABLE_TESTABILITY = YES;
				ENABLE_USER_SCRIPT_SANDBOXING = YES;
				GCC_C_LANGUAGE_STANDARD = gnu17;
				GCC_DYNAMIC_NO_PIC = NO;
				GCC_NO_COMMON_BLOCKS = YES;
				GCC_OPTIMIZATION_LEVEL = 0;
				GCC_PREPROCESSOR_DEFINITIONS = (
					"DEBUG=1",
					"$(inherited)",
				);
				GCC_WARN_64_TO_32_BIT_CONVERSION = YES;
				GCC_WARN_ABOUT_RETURN_TYPE = YES_ERROR;
				GCC_WARN_UNDECLARED_SELECTOR = YES;
				GCC_WARN_UNINITIALIZED_AUTOS = YES_AGGRESSIVE;
				GCC_WARN_UNUSED_FUNCTION = YES;
				GCC_WARN_UNUSED_VARIABLE = YES;
				IPHONEOS_DEPLOYMENT_TARGET = 17.2;
				LOCALIZATION_PREFERS_STRING_CATALOGS = YES;
				MTL_ENABLE_DEBUG_INFO = INCLUDE_SOURCE;
				MTL_FAST_MATH = YES;
				ONLY_ACTIVE_ARCH = YES;
				SDKROOT = iphoneos;
				SWIFT_ACTIVE_COMPILATION_CONDITIONS = "DEBUG $(inherited)";
				SWIFT_OPTIMIZATION_LEVEL = "-Onone";
			};
			name = Debug;
		};
		7A2F020E2CAFD98A00BA95EB /* Release */ = {
			isa = XCBuildConfiguration;
			buildSettings = {
				ALWAYS_SEARCH_USER_PATHS = NO;
				ASSETCATALOG_COMPILER_GENERATE_SWIFT_ASSET_SYMBOL_EXTENSIONS = YES;
				CLANG_ANALYZER_NONNULL = YES;
				CLANG_ANALYZER_NUMBER_OBJECT_CONVERSION = YES_AGGRESSIVE;
				CLANG_CXX_LANGUAGE_STANDARD = "gnu++20";
				CLANG_ENABLE_MODULES = YES;
				CLANG_ENABLE_OBJC_ARC = YES;
				CLANG_ENABLE_OBJC_WEAK = YES;
				CLANG_WARN_BLOCK_CAPTURE_AUTORELEASING = YES;
				CLANG_WARN_BOOL_CONVERSION = YES;
				CLANG_WARN_COMMA = YES;
				CLANG_WARN_CONSTANT_CONVERSION = YES;
				CLANG_WARN_DEPRECATED_OBJC_IMPLEMENTATIONS = YES;
				CLANG_WARN_DIRECT_OBJC_ISA_USAGE = YES_ERROR;
				CLANG_WARN_DOCUMENTATION_COMMENTS = YES;
				CLANG_WARN_EMPTY_BODY = YES;
				CLANG_WARN_ENUM_CONVERSION = YES;
				CLANG_WARN_INFINITE_RECURSION = YES;
				CLANG_WARN_INT_CONVERSION = YES;
				CLANG_WARN_NON_LITERAL_NULL_CONVERSION = YES;
				CLANG_WARN_OBJC_IMPLICIT_RETAIN_SELF = YES;
				CLANG_WARN_OBJC_LITERAL_CONVERSION = YES;
				CLANG_WARN_OBJC_ROOT_CLASS = YES_ERROR;
				CLANG_WARN_QUOTED_INCLUDE_IN_FRAMEWORK_HEADER = YES;
				CLANG_WARN_RANGE_LOOP_ANALYSIS = YES;
				CLANG_WARN_STRICT_PROTOTYPES = YES;
				CLANG_WARN_SUSPICIOUS_MOVE = YES;
				CLANG_WARN_UNGUARDED_AVAILABILITY = YES_AGGRESSIVE;
				CLANG_WARN_UNREACHABLE_CODE = YES;
				CLANG_WARN__DUPLICATE_METHOD_MATCH = YES;
				COPY_PHASE_STRIP = NO;
				DEBUG_INFORMATION_FORMAT = "dwarf-with-dsym";
				ENABLE_NS_ASSERTIONS = NO;
				ENABLE_STRICT_OBJC_MSGSEND = YES;
				ENABLE_USER_SCRIPT_SANDBOXING = YES;
				GCC_C_LANGUAGE_STANDARD = gnu17;
				GCC_NO_COMMON_BLOCKS = YES;
				GCC_WARN_64_TO_32_BIT_CONVERSION = YES;
				GCC_WARN_ABOUT_RETURN_TYPE = YES_ERROR;
				GCC_WARN_UNDECLARED_SELECTOR = YES;
				GCC_WARN_UNINITIALIZED_AUTOS = YES_AGGRESSIVE;
				GCC_WARN_UNUSED_FUNCTION = YES;
				GCC_WARN_UNUSED_VARIABLE = YES;
				IPHONEOS_DEPLOYMENT_TARGET = 17.2;
				LOCALIZATION_PREFERS_STRING_CATALOGS = YES;
				MTL_ENABLE_DEBUG_INFO = NO;
				MTL_FAST_MATH = YES;
				SDKROOT = iphoneos;
				SWIFT_COMPILATION_MODE = wholemodule;
				VALIDATE_PRODUCT = YES;
			};
			name = Release;
		};
		7A2F02102CAFD98A00BA95EB /* Debug */ = {
			isa = XCBuildConfiguration;
			buildSettings = {
				ASSETCATALOG_COMPILER_APPICON_NAME = AppIcon;
				ASSETCATALOG_COMPILER_GLOBAL_ACCENT_COLOR_NAME = AccentColor;
				CODE_SIGN_STYLE = Automatic;
				CURRENT_PROJECT_VERSION = 1;
				DEVELOPMENT_ASSET_PATHS = "\"SwiftUIFreezIssue/Preview Content\"";
				ENABLE_PREVIEWS = YES;
				GENERATE_INFOPLIST_FILE = YES;
				INFOPLIST_KEY_UIApplicationSceneManifest_Generation = YES;
				INFOPLIST_KEY_UIApplicationSupportsIndirectInputEvents = YES;
				INFOPLIST_KEY_UILaunchScreen_Generation = YES;
				INFOPLIST_KEY_UISupportedInterfaceOrientations = "UIInterfaceOrientationLandscapeLeft UIInterfaceOrientationLandscapeRight UIInterfaceOrientationPortrait";
				LD_RUNPATH_SEARCH_PATHS = (
					"$(inherited)",
					"@executable_path/Frameworks",
				);
				MARKETING_VERSION = 1.0;
				PRODUCT_BUNDLE_IDENTIFIER = com.mlbench.SwiftUIFreezIssue;
				PRODUCT_NAME = "$(TARGET_NAME)";
				SUPPORTED_PLATFORMS = "iphoneos iphonesimulator";
				SUPPORTS_MACCATALYST = NO;
				SUPPORTS_MAC_DESIGNED_FOR_IPHONE_IPAD = NO;
				SUPPORTS_XR_DESIGNED_FOR_IPHONE_IPAD = NO;
				SWIFT_EMIT_LOC_STRINGS = YES;
				SWIFT_VERSION = 5.0;
				TARGETED_DEVICE_FAMILY = "1,2";
			};
			name = Debug;
		};
		7A2F02112CAFD98A00BA95EB /* Release */ = {
			isa = XCBuildConfiguration;
			buildSettings = {
				ASSETCATALOG_COMPILER_APPICON_NAME = AppIcon;
				ASSETCATALOG_COMPILER_GLOBAL_ACCENT_COLOR_NAME = AccentColor;
				CODE_SIGN_STYLE = Automatic;
				CURRENT_PROJECT_VERSION = 1;
				DEVELOPMENT_ASSET_PATHS = "\"SwiftUIFreezIssue/Preview Content\"";
				ENABLE_PREVIEWS = YES;
				GENERATE_INFOPLIST_FILE = YES;
				INFOPLIST_KEY_UIApplicationSceneManifest_Generation = YES;
				INFOPLIST_KEY_UIApplicationSupportsIndirectInputEvents = YES;
				INFOPLIST_KEY_UILaunchScreen_Generation = YES;
				INFOPLIST_KEY_UISupportedInterfaceOrientations = "UIInterfaceOrientationLandscapeLeft UIInterfaceOrientationLandscapeRight UIInterfaceOrientationPortrait";
				LD_RUNPATH_SEARCH_PATHS = (
					"$(inherited)",
					"@executable_path/Frameworks",
				);
				MARKETING_VERSION = 1.0;
				PRODUCT_BUNDLE_IDENTIFIER = com.mlbench.SwiftUIFreezIssue;
				PRODUCT_NAME = "$(TARGET_NAME)";
				SUPPORTED_PLATFORMS = "iphoneos iphonesimulator";
				SUPPORTS_MACCATALYST = NO;
				SUPPORTS_MAC_DESIGNED_FOR_IPHONE_IPAD = NO;
				SUPPORTS_XR_DESIGNED_FOR_IPHONE_IPAD = NO;
				SWIFT_EMIT_LOC_STRINGS = YES;
				SWIFT_VERSION = 5.0;
				TARGETED_DEVICE_FAMILY = "1,2";
			};
			name = Release;
		};
/* End XCBuildConfiguration section */

/* Begin XCConfigurationList section */
		7A2F01FC2CAFD98800BA95EB /* Build configuration list for PBXProject "SwiftUIFreezIssue" */ = {
			isa = XCConfigurationList;
			buildConfigurations = (
				7A2F020D2CAFD98A00BA95EB /* Debug */,
				7A2F020E2CAFD98A00BA95EB /* Release */,
			);
			defaultConfigurationIsVisible = 0;
			defaultConfigurationName = Release;
		};
		7A2F020F2CAFD98A00BA95EB /* Build configuration list for PBXNativeTarget "SwiftUIFreezIssue" */ = {
			isa = XCConfigurationList;
			buildConfigurations = (
				7A2F02102CAFD98A00BA95EB /* Debug */,
				7A2F02112CAFD98A00BA95EB /* Release */,
			);
			defaultConfigurationIsVisible = 0;
			defaultConfigurationName = Release;
		};
/* End XCConfigurationList section */
	};
	rootObject = 7A2F01F92CAFD98800BA95EB /* Project object */;
}
